
Microsoft Visual Studio Solution File, Format Version 12.00
# Visual Studio Version 16
VisualStudioVersion = 16.0.31727.386
MinimumVisualStudioVersion = 10.0.40219.1
Project("{F184B08F-C81C-45F6-A57F-5ABD9991F28F}") = "MyBusiness", "MyBusiness\MyBusiness.vbproj", "{0A36E1C3-9831-4723-A99A-E3A3823B3D79}"
EndProject
Project("{F184B08F-C81C-45F6-A57F-5ABD9991F28F}") = "DevCon", "DevCon\DevCon.vbproj", "{6D5DC732-0252-4C83-A988-F6E50C981493}"
EndProject
Project("{54435603-DBB4-11D2-8724-00A0C9A8B90C}") = "MyBusinessInstall", "MyBusinessInstall\MyBusinessInstall.vdproj", "{EB9DE748-12CC-4586-999A-FDD1A852AADD}"
EndProject
Project("{F184B08F-C81C-45F6-A57F-5ABD9991F28F}") = "i00BindingList", "..\i00BindingList\i00BindingList.vbproj", "{1A3066D9-B48C-4EC1-AC93-4B0BBE5AA812}"
EndProject
Project("{F184B08F-C81C-45F6-A57F-5ABD9991F28F}") = "i00SpellCheck", "..\i00SpellCheck\i00SpellCheck.vbproj", "{27D0D9B3-719C-46B7-9F03-3F91E82E7436}"
EndProject
Global
	GlobalSection(SolutionConfigurationPlatforms) = preSolution
		Debug|Any CPU = Debug|Any CPU
		Release|Any CPU = Release|Any CPU
	EndGlobalSection
	GlobalSection(ProjectConfigurationPlatforms) = postSolution
		{0A36E1C3-9831-4723-A99A-E3A3823B3D79}.Debug|Any CPU.ActiveCfg = Debug|Any CPU
		{0A36E1C3-9831-4723-A99A-E3A3823B3D79}.Debug|Any CPU.Build.0 = Debug|Any CPU
		{0A36E1C3-9831-4723-A99A-E3A3823B3D79}.Release|Any CPU.ActiveCfg = Release|Any CPU
		{0A36E1C3-9831-4723-A99A-E3A3823B3D79}.Release|Any CPU.Build.0 = Release|Any CPU
		{6D5DC732-0252-4C83-A988-F6E50C981493}.Debug|Any CPU.ActiveCfg = Debug|Any CPU
		{6D5DC732-0252-4C83-A988-F6E50C981493}.Debug|Any CPU.Build.0 = Debug|Any CPU
		{6D5DC732-0252-4C83-A988-F6E50C981493}.Release|Any CPU.ActiveCfg = Release|Any CPU
		{6D5DC732-0252-4C83-A988-F6E50C981493}.Release|Any CPU.Build.0 = Release|Any CPU
		{EB9DE748-12CC-4586-999A-FDD1A852AADD}.Debug|Any CPU.ActiveCfg = Debug
		{EB9DE748-12CC-4586-999A-FDD1A852AADD}.Release|Any CPU.ActiveCfg = Release
		{1A3066D9-B48C-4EC1-AC93-4B0BBE5AA812}.Debug|Any CPU.ActiveCfg = Debug|Any CPU
		{1A3066D9-B48C-4EC1-AC93-4B0BBE5AA812}.Debug|Any CPU.Build.0 = Debug|Any CPU
		{1A3066D9-B48C-4EC1-AC93-4B0BBE5AA812}.Release|Any CPU.ActiveCfg = Release|Any CPU
		{1A3066D9-B48C-4EC1-AC93-4B0BBE5AA812}.Release|Any CPU.Build.0 = Release|Any CPU
		{27D0D9B3-719C-46B7-9F03-3F91E82E7436}.Debug|Any CPU.ActiveCfg = Debug|Any CPU
		{27D0D9B3-719C-46B7-9F03-3F91E82E7436}.Debug|Any CPU.Build.0 = Debug|Any CPU
		{27D0D9B3-719C-46B7-9F03-3F91E82E7436}.Release|Any CPU.ActiveCfg = Release|Any CPU
		{27D0D9B3-719C-46B7-9F03-3F91E82E7436}.Release|Any CPU.Build.0 = Release|Any CPU
	EndGlobalSection
	GlobalSection(SolutionProperties) = preSolution
		HideSolutionNode = FALSE
	EndGlobalSection
	GlobalSection(ExtensibilityGlobals) = postSolution
		SolutionGuid = {731A1A3C-C337-411F-8814-39D14D10AB5E}
	EndGlobalSection
EndGlobal
